
Microsoft Visual Studio Solution File, Format Version 12.00
# Visual Studio Version 17
VisualStudioVersion = 17.14.36310.24 d17.14
MinimumVisualStudioVersion = 10.0.40219.1
Project("{FAE04EC0-301F-11D3-BF4B-00C04F79EFBC}") = "BlogApp", "BlogApp\BlogApp.csproj", "{EF3D0819-D6B5-4A31-8512-475F7CE34A40}"
EndProject
Global
	GlobalSection(SolutionConfigurationPlatforms) = preSolution
		Debug|Any CPU = Debug|Any CPU
		Release|Any CPU = Release|Any CPU
	EndGlobalSection
	GlobalSection(ProjectConfigurationPlatforms) = postSolution
		{EF3D0819-D6B5-4A31-8512-475F7CE34A40}.Debug|Any CPU.ActiveCfg = Debug|Any CPU
		{EF3D0819-D6B5-4A31-8512-475F7CE34A40}.Debug|Any CPU.Build.0 = Debug|Any CPU
		{EF3D0819-D6B5-4A31-8512-475F7CE34A40}.Release|Any CPU.ActiveCfg = Release|Any CPU
		{EF3D0819-D6B5-4A31-8512-475F7CE34A40}.Release|Any CPU.Build.0 = Release|Any CPU
	EndGlobalSection
	GlobalSection(SolutionProperties) = preSolution
		HideSolutionNode = FALSE
	EndGlobalSection
	GlobalSection(ExtensibilityGlobals) = postSolution
		SolutionGuid = {4F9AF00B-B14A-4F61-8912-FBFCC3A9E704}
	EndGlobalSection
EndGlobal
